
Microsoft Visual Studio Solution File, Format Version 12.00
# Visual Studio Version 17
VisualStudioVersion = 17.11.35312.102
MinimumVisualStudioVersion = 10.0.40219.1
Project("{FAE04EC0-301F-11D3-BF4B-00C04F79EFBC}") = "FilmesAPI", "FilmesAPI\FilmesAPI.csproj", "{8CA739E2-8024-4E5C-BB82-A637CADE801E}"
EndProject
Global
	GlobalSection(SolutionConfigurationPlatforms) = preSolution
		Debug|Any CPU = Debug|Any CPU
		Release|Any CPU = Release|Any CPU
	EndGlobalSection
	GlobalSection(ProjectConfigurationPlatforms) = postSolution
		{8CA739E2-8024-4E5C-BB82-A637CADE801E}.Debug|Any CPU.ActiveCfg = Debug|Any CPU
		{8CA739E2-8024-4E5C-BB82-A637CADE801E}.Debug|Any CPU.Build.0 = Debug|Any CPU
		{8CA739E2-8024-4E5C-BB82-A637CADE801E}.Release|Any CPU.ActiveCfg = Release|Any CPU
		{8CA739E2-8024-4E5C-BB82-A637CADE801E}.Release|Any CPU.Build.0 = Release|Any CPU
	EndGlobalSection
	GlobalSection(SolutionProperties) = preSolution
		HideSolutionNode = FALSE
	EndGlobalSection
	GlobalSection(ExtensibilityGlobals) = postSolution
		SolutionGuid = {02D5DDFD-A116-4616-B7FD-3D692F17A51B}
	EndGlobalSection
EndGlobal
